// !$*UTF8*$!
{
	archiveVersion = 1;
	classes = {
	};
	objectVersion = 52;
	objects = {

/* Begin PBXBuildFile section */
		2716EA7C2531798500B8E2B0 /* SensorAnnotationView.swift in Sources */ = {isa = PBXBuildFile; fileRef = 2716EA7B2531798500B8E2B0 /* SensorAnnotationView.swift */; };
		2716EA8225317AA400B8E2B0 /* UIEdgeInsets+Extensions.swift in Sources */ = {isa = PBXBuildFile; fileRef = 2716EA8125317AA400B8E2B0 /* UIEdgeInsets+Extensions.swift */; };
		2716EA8825317BB300B8E2B0 /* MKMapView+Extensions.swift in Sources */ = {isa = PBXBuildFile; fileRef = 2716EA8725317BB300B8E2B0 /* MKMapView+Extensions.swift */; };
		2716EA8E25317D3900B8E2B0 /* Reusable.swift in Sources */ = {isa = PBXBuildFile; fileRef = 2716EA8D25317D3900B8E2B0 /* Reusable.swift */; };
		2716EA9425317D6C00B8E2B0 /* MKAnnotation+Reusable.swift in Sources */ = {isa = PBXBuildFile; fileRef = 2716EA9325317D6C00B8E2B0 /* MKAnnotation+Reusable.swift */; };
		2716EA9E253185F000B8E2B0 /* AQICategory+Color.swift in Sources */ = {isa = PBXBuildFile; fileRef = 2716EA9D253185F000B8E2B0 /* AQICategory+Color.swift */; };
		2716EAAC2531B08200B8E2B0 /* Array+Extensions.swift in Sources */ = {isa = PBXBuildFile; fileRef = 2716EAAB2531B08200B8E2B0 /* Array+Extensions.swift */; };
		2716EAB22531B33D00B8E2B0 /* MapButtonContainer.swift in Sources */ = {isa = PBXBuildFile; fileRef = 2716EAB12531B33D00B8E2B0 /* MapButtonContainer.swift */; };
		271CC62C253FB76C001EDCE1 /* AQIConversion.swift in Sources */ = {isa = PBXBuildFile; fileRef = 271CC62B253FB76C001EDCE1 /* AQIConversion.swift */; };
		271CC62D253FB76C001EDCE1 /* AQIConversion.swift in Sources */ = {isa = PBXBuildFile; fileRef = 271CC62B253FB76C001EDCE1 /* AQIConversion.swift */; };
		27248552252673B100866F1A /* PanDirectionGestureRecognizer.swift in Sources */ = {isa = PBXBuildFile; fileRef = 27248551252673B000866F1A /* PanDirectionGestureRecognizer.swift */; };
		27248558252673C200866F1A /* UIViewPropertyAnimator+Extensions.swift in Sources */ = {isa = PBXBuildFile; fileRef = 27248557252673C200866F1A /* UIViewPropertyAnimator+Extensions.swift */; };
		2724855E2526742C00866F1A /* RootViewController.swift in Sources */ = {isa = PBXBuildFile; fileRef = 2724855D2526742C00866F1A /* RootViewController.swift */; };
		272485642526745F00866F1A /* UIViewController+Extensions.swift in Sources */ = {isa = PBXBuildFile; fileRef = 272485632526745F00866F1A /* UIViewController+Extensions.swift */; };
		272C982F254673E000E6D5B5 /* MapDetailContainer.swift in Sources */ = {isa = PBXBuildFile; fileRef = 272C982E254673DF00E6D5B5 /* MapDetailContainer.swift */; };
		272C98352547C53800E6D5B5 /* SensorListView.swift in Sources */ = {isa = PBXBuildFile; fileRef = 272C98342547C53800E6D5B5 /* SensorListView.swift */; };
		2738C383254566AA007BC1A4 /* Sensor+Placeholder.swift in Sources */ = {isa = PBXBuildFile; fileRef = 2738C382254566AA007BC1A4 /* Sensor+Placeholder.swift */; };
		2740BEE5252D8B6900EDD771 /* UserDefaults+Extensions.swift in Sources */ = {isa = PBXBuildFile; fileRef = 2740BEE4252D8B6900EDD771 /* UserDefaults+Extensions.swift */; };
		2740BEEB252D8B8500EDD771 /* URLSession+Extensions.swift in Sources */ = {isa = PBXBuildFile; fileRef = 2740BEEA252D8B8500EDD771 /* URLSession+Extensions.swift */; };
		2740BEF6252D8BBF00EDD771 /* UserDefaults+Extensions.swift in Sources */ = {isa = PBXBuildFile; fileRef = 2740BEE4252D8B6900EDD771 /* UserDefaults+Extensions.swift */; };
		2740BEFB252D8BC300EDD771 /* UIColor+Extensions.swift in Sources */ = {isa = PBXBuildFile; fileRef = 276E4B792526DBB500FA4D26 /* UIColor+Extensions.swift */; };
		2740BF00252D8BC500EDD771 /* URLSession+Extensions.swift in Sources */ = {isa = PBXBuildFile; fileRef = 2740BEEA252D8B8500EDD771 /* URLSession+Extensions.swift */; };
		2740BF05252D8BC800EDD771 /* AQILoader.swift in Sources */ = {isa = PBXBuildFile; fileRef = C24ED0952525BEB9001B3952 /* AQILoader.swift */; };
		2740BF14252D8C7C00EDD771 /* SensorInfo.swift in Sources */ = {isa = PBXBuildFile; fileRef = 2740BF13252D8C7C00EDD771 /* SensorInfo.swift */; };
		2740BF24252D8CB900EDD771 /* AQICategory.swift in Sources */ = {isa = PBXBuildFile; fileRef = 2740BF23252D8CB900EDD771 /* AQICategory.swift */; };
		2740BF29252D8D0500EDD771 /* AQICategory.swift in Sources */ = {isa = PBXBuildFile; fileRef = 2740BF23252D8CB900EDD771 /* AQICategory.swift */; };
		2740BF2A252D8D0500EDD771 /* SensorInfo.swift in Sources */ = {isa = PBXBuildFile; fileRef = 2740BF13252D8C7C00EDD771 /* SensorInfo.swift */; };
		275712AC252D47E00050B473 /* LocationManager.swift in Sources */ = {isa = PBXBuildFile; fileRef = 275712AB252D47E00050B473 /* LocationManager.swift */; };
		275712B1252D49100050B473 /* LocationManager.swift in Sources */ = {isa = PBXBuildFile; fileRef = 275712AB252D47E00050B473 /* LocationManager.swift */; };
		275712B7252D4A240050B473 /* ViewController.swift in Sources */ = {isa = PBXBuildFile; fileRef = 275712B6252D4A240050B473 /* ViewController.swift */; };
		275BBAE9253FA57E007923BA /* Sensor.swift in Sources */ = {isa = PBXBuildFile; fileRef = 275BBAE8253FA57E007923BA /* Sensor.swift */; };
		275BBAEA253FA57E007923BA /* Sensor.swift in Sources */ = {isa = PBXBuildFile; fileRef = 275BBAE8253FA57E007923BA /* Sensor.swift */; };
		275BBAF0253FACC0007923BA /* AnyCodable+Extensions.swift in Sources */ = {isa = PBXBuildFile; fileRef = 275BBAEF253FACC0007923BA /* AnyCodable+Extensions.swift */; };
		275BBAF1253FACC0007923BA /* AnyCodable+Extensions.swift in Sources */ = {isa = PBXBuildFile; fileRef = 275BBAEF253FACC0007923BA /* AnyCodable+Extensions.swift */; };
		276E4B342526D5BB00FA4D26 /* OnboardingViewController.swift in Sources */ = {isa = PBXBuildFile; fileRef = 276E4B332526D5BB00FA4D26 /* OnboardingViewController.swift */; };
		276E4B422526D5EA00FA4D26 /* Button.swift in Sources */ = {isa = PBXBuildFile; fileRef = 276E4B412526D5EA00FA4D26 /* Button.swift */; };
		276E4B4C2526D65D00FA4D26 /* UILabel+Extensions.swift in Sources */ = {isa = PBXBuildFile; fileRef = 276E4B4B2526D65D00FA4D26 /* UILabel+Extensions.swift */; };
		276E4B522526D67800FA4D26 /* Control.swift in Sources */ = {isa = PBXBuildFile; fileRef = 276E4B512526D67800FA4D26 /* Control.swift */; };
		276E4B5B2526D6CD00FA4D26 /* NSLayoutDimension+AutoLayout.swift in Sources */ = {isa = PBXBuildFile; fileRef = 276E4B572526D6CC00FA4D26 /* NSLayoutDimension+AutoLayout.swift */; };
		276E4B5C2526D6CD00FA4D26 /* NSLayoutConstraint+AutoLayout.swift in Sources */ = {isa = PBXBuildFile; fileRef = 276E4B582526D6CC00FA4D26 /* NSLayoutConstraint+AutoLayout.swift */; };
		276E4B5D2526D6CD00FA4D26 /* UIView+AutoLayout.swift in Sources */ = {isa = PBXBuildFile; fileRef = 276E4B592526D6CC00FA4D26 /* UIView+AutoLayout.swift */; };
		276E4B5E2526D6CD00FA4D26 /* NSLayoutAnchor+AutoLayout.swift in Sources */ = {isa = PBXBuildFile; fileRef = 276E4B5A2526D6CC00FA4D26 /* NSLayoutAnchor+AutoLayout.swift */; };
		276E4B642526D6FE00FA4D26 /* NSAttributedString+Extensions.swift in Sources */ = {isa = PBXBuildFile; fileRef = 276E4B632526D6FE00FA4D26 /* NSAttributedString+Extensions.swift */; };
		276E4B7A2526DBB500FA4D26 /* UIColor+Extensions.swift in Sources */ = {isa = PBXBuildFile; fileRef = 276E4B792526DBB500FA4D26 /* UIColor+Extensions.swift */; };
		276E6C2A252D5AC000A13D6D /* AQIBarWidgetView.swift in Sources */ = {isa = PBXBuildFile; fileRef = 276E6C20252D5AA300A13D6D /* AQIBarWidgetView.swift */; };
		276E6C33252D5AC500A13D6D /* AQIIndicatorBar.swift in Sources */ = {isa = PBXBuildFile; fileRef = 276E6C1A252D548C00A13D6D /* AQIIndicatorBar.swift */; };
		276E6C39252D5F7300A13D6D /* SkyView.swift in Sources */ = {isa = PBXBuildFile; fileRef = 276E6C38252D5F7300A13D6D /* SkyView.swift */; };
		276E6C3F252D83B200A13D6D /* AQIProvider.swift in Sources */ = {isa = PBXBuildFile; fileRef = 276E6C3E252D83B200A13D6D /* AQIProvider.swift */; };
		276E6C45252D84E700A13D6D /* AQIWidgetWrapper.swift in Sources */ = {isa = PBXBuildFile; fileRef = 276E6C44252D84E700A13D6D /* AQIWidgetWrapper.swift */; };
		276F42C7253E9D5B004B86A1 /* CGFloat+Extensions.swift in Sources */ = {isa = PBXBuildFile; fileRef = 276F42C6253E9D5B004B86A1 /* CGFloat+Extensions.swift */; };
		277F1C69252D9240002AB540 /* MKDistanceFormatter+Extensions.swift in Sources */ = {isa = PBXBuildFile; fileRef = 277F1C68252D9240002AB540 /* MKDistanceFormatter+Extensions.swift */; };
		277F1C6A252D9240002AB540 /* MKDistanceFormatter+Extensions.swift in Sources */ = {isa = PBXBuildFile; fileRef = 277F1C68252D9240002AB540 /* MKDistanceFormatter+Extensions.swift */; };
		2781B0CD2545429F0058AA33 /* SensorDetailView.swift in Sources */ = {isa = PBXBuildFile; fileRef = 2781B0CC2545429F0058AA33 /* SensorDetailView.swift */; };
		27A8333E254BFB6D0054DD68 /* UIImage+Extensions.swift in Sources */ = {isa = PBXBuildFile; fileRef = 27A8333D254BFB6D0054DD68 /* UIImage+Extensions.swift */; };
		27B6B10F254D07160062CF92 /* SettingsViewController.swift in Sources */ = {isa = PBXBuildFile; fileRef = 27B6B10E254D07160062CF92 /* SettingsViewController.swift */; };
		27B6B116254D07330062CF92 /* AppIconOption.swift in Sources */ = {isa = PBXBuildFile; fileRef = 27B6B115254D07330062CF92 /* AppIconOption.swift */; };
		27B6B158254D09140062CF92 /* AppIconPickerViewController.swift in Sources */ = {isa = PBXBuildFile; fileRef = 27B6B157254D09140062CF92 /* AppIconPickerViewController.swift */; };
		27B6B171254D13050062CF92 /* AppIcon-BlackWhite@3x.png in Resources */ = {isa = PBXBuildFile; fileRef = 27B6B169254D13040062CF92 /* AppIcon-BlackWhite@3x.png */; };
		27B6B172254D13050062CF92 /* AppIcon-BlackWhite@2x.png in Resources */ = {isa = PBXBuildFile; fileRef = 27B6B16A254D13040062CF92 /* AppIcon-BlackWhite@2x.png */; };
		27B6B173254D13050062CF92 /* AppIcon-Pacman@2x.png in Resources */ = {isa = PBXBuildFile; fileRef = 27B6B16B254D13040062CF92 /* AppIcon-Pacman@2x.png */; };
		27B6B174254D13050062CF92 /* AppIcon-Default@2x.png in Resources */ = {isa = PBXBuildFile; fileRef = 27B6B16C254D13040062CF92 /* AppIcon-Default@2x.png */; };
		27B6B175254D13050062CF92 /* AppIcon-PurpleRain@3x.png in Resources */ = {isa = PBXBuildFile; fileRef = 27B6B16D254D13040062CF92 /* AppIcon-PurpleRain@3x.png */; };
		27B6B176254D13050062CF92 /* AppIcon-PurpleRain@2x.png in Resources */ = {isa = PBXBuildFile; fileRef = 27B6B16E254D13040062CF92 /* AppIcon-PurpleRain@2x.png */; };
		27B6B177254D13050062CF92 /* AppIcon-Pacman@3x.png in Resources */ = {isa = PBXBuildFile; fileRef = 27B6B16F254D13050062CF92 /* AppIcon-Pacman@3x.png */; };
		27B6B178254D13050062CF92 /* AppIcon-Default@3x.png in Resources */ = {isa = PBXBuildFile; fileRef = 27B6B170254D13050062CF92 /* AppIcon-Default@3x.png */; };
		27C4D913254B86A8001E61A6 /* Logger.swift in Sources */ = {isa = PBXBuildFile; fileRef = 27C4D912254B86A8001E61A6 /* Logger.swift */; };
		27C4D914254B86A8001E61A6 /* Logger.swift in Sources */ = {isa = PBXBuildFile; fileRef = 27C4D912254B86A8001E61A6 /* Logger.swift */; };
		27C4D91E254B8DFE001E61A6 /* Settings.swift in Sources */ = {isa = PBXBuildFile; fileRef = 27C4D91D254B8DFE001E61A6 /* Settings.swift */; };
		27C4D91F254B8DFE001E61A6 /* Settings.swift in Sources */ = {isa = PBXBuildFile; fileRef = 27C4D91D254B8DFE001E61A6 /* Settings.swift */; };
		27E16B84253010F6006D28B1 /* MapViewController.swift in Sources */ = {isa = PBXBuildFile; fileRef = 27E16B83253010F6006D28B1 /* MapViewController.swift */; };
		27F0DED5253178A0005BDE1D /* SensorAnnotation.swift in Sources */ = {isa = PBXBuildFile; fileRef = 27F0DED4253178A0005BDE1D /* SensorAnnotation.swift */; };
		27F271F52545F2FB005C32B3 /* SensorLoader.swift in Sources */ = {isa = PBXBuildFile; fileRef = 27F271F42545F2FB005C32B3 /* SensorLoader.swift */; };
		C24ED0632525BEAD001B3952 /* AppDelegate.swift in Sources */ = {isa = PBXBuildFile; fileRef = C24ED0622525BEAD001B3952 /* AppDelegate.swift */; };
		C24ED0652525BEAD001B3952 /* SceneDelegate.swift in Sources */ = {isa = PBXBuildFile; fileRef = C24ED0642525BEAD001B3952 /* SceneDelegate.swift */; };
		C24ED0672525BEAD001B3952 /* HomeViewController.swift in Sources */ = {isa = PBXBuildFile; fileRef = C24ED0662525BEAD001B3952 /* HomeViewController.swift */; };
		C24ED06C2525BEAF001B3952 /* Assets.xcassets in Resources */ = {isa = PBXBuildFile; fileRef = C24ED06B2525BEAF001B3952 /* Assets.xcassets */; };
		C24ED06F2525BEAF001B3952 /* LaunchScreen.storyboard in Resources */ = {isa = PBXBuildFile; fileRef = C24ED06D2525BEAF001B3952 /* LaunchScreen.storyboard */; };
		C24ED07A2525BEAF001B3952 /* PakuTests.swift in Sources */ = {isa = PBXBuildFile; fileRef = C24ED0792525BEAF001B3952 /* PakuTests.swift */; };
		C24ED0852525BEAF001B3952 /* PakuUITests.swift in Sources */ = {isa = PBXBuildFile; fileRef = C24ED0842525BEAF001B3952 /* PakuUITests.swift */; };
		C24ED0962525BEB9001B3952 /* AQILoader.swift in Sources */ = {isa = PBXBuildFile; fileRef = C24ED0952525BEB9001B3952 /* AQILoader.swift */; };
		C24ED09C2525C171001B3952 /* AnyCodable in Frameworks */ = {isa = PBXBuildFile; productRef = C24ED09B2525C171001B3952 /* AnyCodable */; };
		C24ED0D52525DD1D001B3952 /* WidgetKit.framework in Frameworks */ = {isa = PBXBuildFile; fileRef = C24ED0AF2525DC5B001B3952 /* WidgetKit.framework */; };
		C24ED0D62525DD1D001B3952 /* SwiftUI.framework in Frameworks */ = {isa = PBXBuildFile; fileRef = C24ED0B12525DC5B001B3952 /* SwiftUI.framework */; };
		C24ED0D92525DD1D001B3952 /* Widgets.swift in Sources */ = {isa = PBXBuildFile; fileRef = C24ED0D82525DD1D001B3952 /* Widgets.swift */; };
		C24ED0DC2525DD1F001B3952 /* Assets.xcassets in Resources */ = {isa = PBXBuildFile; fileRef = C24ED0DB2525DD1F001B3952 /* Assets.xcassets */; };
		C24ED0E22525DD1F001B3952 /* PakuWidget.appex in Embed App Extensions */ = {isa = PBXBuildFile; fileRef = C24ED0D42525DD1D001B3952 /* PakuWidget.appex */; settings = {ATTRIBUTES = (RemoveHeadersOnCopy, ); }; };
		C24ED0FB2525DE8E001B3952 /* AnyCodable in Frameworks */ = {isa = PBXBuildFile; productRef = C24ED0FA2525DE8E001B3952 /* AnyCodable */; };
		C24ED1082525E57A001B3952 /* AQIEntryView.swift in Sources */ = {isa = PBXBuildFile; fileRef = C24ED1022525E570001B3952 /* AQIEntryView.swift */; };
/* End PBXBuildFile section */

/* Begin PBXContainerItemProxy section */
		C24ED0762525BEAF001B3952 /* PBXContainerItemProxy */ = {
			isa = PBXContainerItemProxy;
			containerPortal = C24ED0572525BEAD001B3952 /* Project object */;
			proxyType = 1;
			remoteGlobalIDString = C24ED05E2525BEAD001B3952;
			remoteInfo = Paku;
		};
		C24ED0812525BEAF001B3952 /* PBXContainerItemProxy */ = {
			isa = PBXContainerItemProxy;
			containerPortal = C24ED0572525BEAD001B3952 /* Project object */;
			proxyType = 1;
			remoteGlobalIDString = C24ED05E2525BEAD001B3952;
			remoteInfo = Paku;
		};
		C24ED0E02525DD1F001B3952 /* PBXContainerItemProxy */ = {
			isa = PBXContainerItemProxy;
			containerPortal = C24ED0572525BEAD001B3952 /* Project object */;
			proxyType = 1;
			remoteGlobalIDString = C24ED0D32525DD1D001B3952;
			remoteInfo = "aqi-widgetExtension";
		};
/* End PBXContainerItemProxy section */

/* Begin PBXCopyFilesBuildPhase section */
		C24ED0C22525DC5D001B3952 /* Embed App Extensions */ = {
			isa = PBXCopyFilesBuildPhase;
			buildActionMask = 2147483647;
			dstPath = "";
			dstSubfolderSpec = 13;
			files = (
				C24ED0E22525DD1F001B3952 /* PakuWidget.appex in Embed App Extensions */,
			);
			name = "Embed App Extensions";
			runOnlyForDeploymentPostprocessing = 0;
		};
/* End PBXCopyFilesBuildPhase section */

/* Begin PBXFileReference section */
		2716EA7B2531798500B8E2B0 /* SensorAnnotationView.swift */ = {isa = PBXFileReference; lastKnownFileType = sourcecode.swift; path = SensorAnnotationView.swift; sourceTree = "<group>"; };
		2716EA8125317AA400B8E2B0 /* UIEdgeInsets+Extensions.swift */ = {isa = PBXFileReference; fileEncoding = 4; lastKnownFileType = sourcecode.swift; path = "UIEdgeInsets+Extensions.swift"; sourceTree = "<group>"; };
		2716EA8725317BB300B8E2B0 /* MKMapView+Extensions.swift */ = {isa = PBXFileReference; lastKnownFileType = sourcecode.swift; path = "MKMapView+Extensions.swift"; sourceTree = "<group>"; };
		2716EA8D25317D3900B8E2B0 /* Reusable.swift */ = {isa = PBXFileReference; fileEncoding = 4; lastKnownFileType = sourcecode.swift; path = Reusable.swift; sourceTree = "<group>"; };
		2716EA9325317D6C00B8E2B0 /* MKAnnotation+Reusable.swift */ = {isa = PBXFileReference; lastKnownFileType = sourcecode.swift; path = "MKAnnotation+Reusable.swift"; sourceTree = "<group>"; };
		2716EA9D253185F000B8E2B0 /* AQICategory+Color.swift */ = {isa = PBXFileReference; lastKnownFileType = sourcecode.swift; path = "AQICategory+Color.swift"; sourceTree = "<group>"; };
		2716EAAB2531B08200B8E2B0 /* Array+Extensions.swift */ = {isa = PBXFileReference; lastKnownFileType = sourcecode.swift; path = "Array+Extensions.swift"; sourceTree = "<group>"; };
		2716EAB12531B33D00B8E2B0 /* MapButtonContainer.swift */ = {isa = PBXFileReference; lastKnownFileType = sourcecode.swift; path = MapButtonContainer.swift; sourceTree = "<group>"; };
		271CC62B253FB76C001EDCE1 /* AQIConversion.swift */ = {isa = PBXFileReference; lastKnownFileType = sourcecode.swift; path = AQIConversion.swift; sourceTree = "<group>"; };
		2724852A2525ED0F00866F1A /* PakuWidget.entitlements */ = {isa = PBXFileReference; lastKnownFileType = text.plist.entitlements; path = PakuWidget.entitlements; sourceTree = "<group>"; };
		27248551252673B000866F1A /* PanDirectionGestureRecognizer.swift */ = {isa = PBXFileReference; fileEncoding = 4; lastKnownFileType = sourcecode.swift; path = PanDirectionGestureRecognizer.swift; sourceTree = "<group>"; };
		27248557252673C200866F1A /* UIViewPropertyAnimator+Extensions.swift */ = {isa = PBXFileReference; fileEncoding = 4; lastKnownFileType = sourcecode.swift; path = "UIViewPropertyAnimator+Extensions.swift"; sourceTree = "<group>"; };
		2724855D2526742C00866F1A /* RootViewController.swift */ = {isa = PBXFileReference; lastKnownFileType = sourcecode.swift; path = RootViewController.swift; sourceTree = "<group>"; };
		272485632526745F00866F1A /* UIViewController+Extensions.swift */ = {isa = PBXFileReference; lastKnownFileType = sourcecode.swift; path = "UIViewController+Extensions.swift"; sourceTree = "<group>"; };
		272C982E254673DF00E6D5B5 /* MapDetailContainer.swift */ = {isa = PBXFileReference; lastKnownFileType = sourcecode.swift; path = MapDetailContainer.swift; sourceTree = "<group>"; };
		272C98342547C53800E6D5B5 /* SensorListView.swift */ = {isa = PBXFileReference; lastKnownFileType = sourcecode.swift; path = SensorListView.swift; sourceTree = "<group>"; };
		2738C382254566AA007BC1A4 /* Sensor+Placeholder.swift */ = {isa = PBXFileReference; lastKnownFileType = sourcecode.swift; path = "Sensor+Placeholder.swift"; sourceTree = "<group>"; };
		2740BEE4252D8B6900EDD771 /* UserDefaults+Extensions.swift */ = {isa = PBXFileReference; lastKnownFileType = sourcecode.swift; path = "UserDefaults+Extensions.swift"; sourceTree = "<group>"; };
		2740BEEA252D8B8500EDD771 /* URLSession+Extensions.swift */ = {isa = PBXFileReference; lastKnownFileType = sourcecode.swift; path = "URLSession+Extensions.swift"; sourceTree = "<group>"; };
		2740BF13252D8C7C00EDD771 /* SensorInfo.swift */ = {isa = PBXFileReference; lastKnownFileType = sourcecode.swift; path = SensorInfo.swift; sourceTree = "<group>"; };
		2740BF23252D8CB900EDD771 /* AQICategory.swift */ = {isa = PBXFileReference; lastKnownFileType = sourcecode.swift; path = AQICategory.swift; sourceTree = "<group>"; };
		275712AB252D47E00050B473 /* LocationManager.swift */ = {isa = PBXFileReference; lastKnownFileType = sourcecode.swift; path = LocationManager.swift; sourceTree = "<group>"; };
		275712B6252D4A240050B473 /* ViewController.swift */ = {isa = PBXFileReference; lastKnownFileType = sourcecode.swift; path = ViewController.swift; sourceTree = "<group>"; };
		275BBAE8253FA57E007923BA /* Sensor.swift */ = {isa = PBXFileReference; lastKnownFileType = sourcecode.swift; path = Sensor.swift; sourceTree = "<group>"; };
		275BBAEF253FACC0007923BA /* AnyCodable+Extensions.swift */ = {isa = PBXFileReference; lastKnownFileType = sourcecode.swift; path = "AnyCodable+Extensions.swift"; sourceTree = "<group>"; };
		276E4B332526D5BB00FA4D26 /* OnboardingViewController.swift */ = {isa = PBXFileReference; fileEncoding = 4; lastKnownFileType = sourcecode.swift; path = OnboardingViewController.swift; sourceTree = "<group>"; };
		276E4B412526D5EA00FA4D26 /* Button.swift */ = {isa = PBXFileReference; fileEncoding = 4; lastKnownFileType = sourcecode.swift; path = Button.swift; sourceTree = "<group>"; };
		276E4B4B2526D65D00FA4D26 /* UILabel+Extensions.swift */ = {isa = PBXFileReference; fileEncoding = 4; lastKnownFileType = sourcecode.swift; path = "UILabel+Extensions.swift"; sourceTree = "<group>"; };
		276E4B512526D67800FA4D26 /* Control.swift */ = {isa = PBXFileReference; fileEncoding = 4; lastKnownFileType = sourcecode.swift; path = Control.swift; sourceTree = "<group>"; };
		276E4B572526D6CC00FA4D26 /* NSLayoutDimension+AutoLayout.swift */ = {isa = PBXFileReference; fileEncoding = 4; lastKnownFileType = sourcecode.swift; path = "NSLayoutDimension+AutoLayout.swift"; sourceTree = "<group>"; };
		276E4B582526D6CC00FA4D26 /* NSLayoutConstraint+AutoLayout.swift */ = {isa = PBXFileReference; fileEncoding = 4; lastKnownFileType = sourcecode.swift; path = "NSLayoutConstraint+AutoLayout.swift"; sourceTree = "<group>"; };
		276E4B592526D6CC00FA4D26 /* UIView+AutoLayout.swift */ = {isa = PBXFileReference; fileEncoding = 4; lastKnownFileType = sourcecode.swift; path = "UIView+AutoLayout.swift"; sourceTree = "<group>"; };
		276E4B5A2526D6CC00FA4D26 /* NSLayoutAnchor+AutoLayout.swift */ = {isa = PBXFileReference; fileEncoding = 4; lastKnownFileType = sourcecode.swift; path = "NSLayoutAnchor+AutoLayout.swift"; sourceTree = "<group>"; };
		276E4B632526D6FE00FA4D26 /* NSAttributedString+Extensions.swift */ = {isa = PBXFileReference; lastKnownFileType = sourcecode.swift; path = "NSAttributedString+Extensions.swift"; sourceTree = "<group>"; };
		276E4B792526DBB500FA4D26 /* UIColor+Extensions.swift */ = {isa = PBXFileReference; lastKnownFileType = sourcecode.swift; path = "UIColor+Extensions.swift"; sourceTree = "<group>"; };
		276E6C1A252D548C00A13D6D /* AQIIndicatorBar.swift */ = {isa = PBXFileReference; lastKnownFileType = sourcecode.swift; path = AQIIndicatorBar.swift; sourceTree = "<group>"; };
		276E6C20252D5AA300A13D6D /* AQIBarWidgetView.swift */ = {isa = PBXFileReference; lastKnownFileType = sourcecode.swift; path = AQIBarWidgetView.swift; sourceTree = "<group>"; };
		276E6C38252D5F7300A13D6D /* SkyView.swift */ = {isa = PBXFileReference; lastKnownFileType = sourcecode.swift; path = SkyView.swift; sourceTree = "<group>"; };
		276E6C3E252D83B200A13D6D /* AQIProvider.swift */ = {isa = PBXFileReference; lastKnownFileType = sourcecode.swift; path = AQIProvider.swift; sourceTree = "<group>"; };
		276E6C44252D84E700A13D6D /* AQIWidgetWrapper.swift */ = {isa = PBXFileReference; lastKnownFileType = sourcecode.swift; path = AQIWidgetWrapper.swift; sourceTree = "<group>"; };
		276F42C6253E9D5B004B86A1 /* CGFloat+Extensions.swift */ = {isa = PBXFileReference; lastKnownFileType = sourcecode.swift; path = "CGFloat+Extensions.swift"; sourceTree = "<group>"; };
		277F1C68252D9240002AB540 /* MKDistanceFormatter+Extensions.swift */ = {isa = PBXFileReference; lastKnownFileType = sourcecode.swift; path = "MKDistanceFormatter+Extensions.swift"; sourceTree = "<group>"; };
		2781B0CC2545429F0058AA33 /* SensorDetailView.swift */ = {isa = PBXFileReference; lastKnownFileType = sourcecode.swift; path = SensorDetailView.swift; sourceTree = "<group>"; };
		27A8333D254BFB6D0054DD68 /* UIImage+Extensions.swift */ = {isa = PBXFileReference; lastKnownFileType = sourcecode.swift; path = "UIImage+Extensions.swift"; sourceTree = "<group>"; };
		27B6B10E254D07160062CF92 /* SettingsViewController.swift */ = {isa = PBXFileReference; lastKnownFileType = sourcecode.swift; path = SettingsViewController.swift; sourceTree = "<group>"; };
		27B6B115254D07330062CF92 /* AppIconOption.swift */ = {isa = PBXFileReference; lastKnownFileType = sourcecode.swift; path = AppIconOption.swift; sourceTree = "<group>"; };
		27B6B157254D09140062CF92 /* AppIconPickerViewController.swift */ = {isa = PBXFileReference; lastKnownFileType = sourcecode.swift; path = AppIconPickerViewController.swift; sourceTree = "<group>"; };
		27B6B169254D13040062CF92 /* AppIcon-BlackWhite@3x.png */ = {isa = PBXFileReference; lastKnownFileType = image.png; path = "AppIcon-BlackWhite@3x.png"; sourceTree = "<group>"; };
		27B6B16A254D13040062CF92 /* AppIcon-BlackWhite@2x.png */ = {isa = PBXFileReference; lastKnownFileType = image.png; path = "AppIcon-BlackWhite@2x.png"; sourceTree = "<group>"; };
		27B6B16B254D13040062CF92 /* AppIcon-Pacman@2x.png */ = {isa = PBXFileReference; lastKnownFileType = image.png; path = "AppIcon-Pacman@2x.png"; sourceTree = "<group>"; };
		27B6B16C254D13040062CF92 /* AppIcon-Default@2x.png */ = {isa = PBXFileReference; lastKnownFileType = image.png; path = "AppIcon-Default@2x.png"; sourceTree = "<group>"; };
		27B6B16D254D13040062CF92 /* AppIcon-PurpleRain@3x.png */ = {isa = PBXFileReference; lastKnownFileType = image.png; path = "AppIcon-PurpleRain@3x.png"; sourceTree = "<group>"; };
		27B6B16E254D13040062CF92 /* AppIcon-PurpleRain@2x.png */ = {isa = PBXFileReference; lastKnownFileType = image.png; path = "AppIcon-PurpleRain@2x.png"; sourceTree = "<group>"; };
		27B6B16F254D13050062CF92 /* AppIcon-Pacman@3x.png */ = {isa = PBXFileReference; lastKnownFileType = image.png; path = "AppIcon-Pacman@3x.png"; sourceTree = "<group>"; };
		27B6B170254D13050062CF92 /* AppIcon-Default@3x.png */ = {isa = PBXFileReference; lastKnownFileType = image.png; path = "AppIcon-Default@3x.png"; sourceTree = "<group>"; };
		27C4D912254B86A8001E61A6 /* Logger.swift */ = {isa = PBXFileReference; lastKnownFileType = sourcecode.swift; path = Logger.swift; sourceTree = "<group>"; };
		27C4D91D254B8DFE001E61A6 /* Settings.swift */ = {isa = PBXFileReference; lastKnownFileType = sourcecode.swift; path = Settings.swift; sourceTree = "<group>"; };
		27E16B83253010F6006D28B1 /* MapViewController.swift */ = {isa = PBXFileReference; lastKnownFileType = sourcecode.swift; path = MapViewController.swift; sourceTree = "<group>"; };
		27F0DED4253178A0005BDE1D /* SensorAnnotation.swift */ = {isa = PBXFileReference; lastKnownFileType = sourcecode.swift; path = SensorAnnotation.swift; sourceTree = "<group>"; };
		27F271F42545F2FB005C32B3 /* SensorLoader.swift */ = {isa = PBXFileReference; lastKnownFileType = sourcecode.swift; path = SensorLoader.swift; sourceTree = "<group>"; };
		C24ED05F2525BEAD001B3952 /* Paku.app */ = {isa = PBXFileReference; explicitFileType = wrapper.application; includeInIndex = 0; path = Paku.app; sourceTree = BUILT_PRODUCTS_DIR; };
		C24ED0622525BEAD001B3952 /* AppDelegate.swift */ = {isa = PBXFileReference; lastKnownFileType = sourcecode.swift; path = AppDelegate.swift; sourceTree = "<group>"; };
		C24ED0642525BEAD001B3952 /* SceneDelegate.swift */ = {isa = PBXFileReference; lastKnownFileType = sourcecode.swift; path = SceneDelegate.swift; sourceTree = "<group>"; };
		C24ED0662525BEAD001B3952 /* HomeViewController.swift */ = {isa = PBXFileReference; lastKnownFileType = sourcecode.swift; path = HomeViewController.swift; sourceTree = "<group>"; };
		C24ED06B2525BEAF001B3952 /* Assets.xcassets */ = {isa = PBXFileReference; lastKnownFileType = folder.assetcatalog; path = Assets.xcassets; sourceTree = "<group>"; };
		C24ED06E2525BEAF001B3952 /* Base */ = {isa = PBXFileReference; lastKnownFileType = file.storyboard; name = Base; path = Base.lproj/LaunchScreen.storyboard; sourceTree = "<group>"; };
		C24ED0702525BEAF001B3952 /* Info.plist */ = {isa = PBXFileReference; lastKnownFileType = text.plist.xml; path = Info.plist; sourceTree = "<group>"; };
		C24ED0752525BEAF001B3952 /* PakuTests.xctest */ = {isa = PBXFileReference; explicitFileType = wrapper.cfbundle; includeInIndex = 0; path = PakuTests.xctest; sourceTree = BUILT_PRODUCTS_DIR; };
		C24ED0792525BEAF001B3952 /* PakuTests.swift */ = {isa = PBXFileReference; lastKnownFileType = sourcecode.swift; path = PakuTests.swift; sourceTree = "<group>"; };
		C24ED07B2525BEAF001B3952 /* Info.plist */ = {isa = PBXFileReference; lastKnownFileType = text.plist.xml; path = Info.plist; sourceTree = "<group>"; };
		C24ED0802525BEAF001B3952 /* PakuUITests.xctest */ = {isa = PBXFileReference; explicitFileType = wrapper.cfbundle; includeInIndex = 0; path = PakuUITests.xctest; sourceTree = BUILT_PRODUCTS_DIR; };
		C24ED0842525BEAF001B3952 /* PakuUITests.swift */ = {isa = PBXFileReference; lastKnownFileType = sourcecode.swift; path = PakuUITests.swift; sourceTree = "<group>"; };
		C24ED0862525BEAF001B3952 /* Info.plist */ = {isa = PBXFileReference; lastKnownFileType = text.plist.xml; path = Info.plist; sourceTree = "<group>"; };
		C24ED0952525BEB9001B3952 /* AQILoader.swift */ = {isa = PBXFileReference; lastKnownFileType = sourcecode.swift; path = AQILoader.swift; sourceTree = "<group>"; };
		C24ED0AF2525DC5B001B3952 /* WidgetKit.framework */ = {isa = PBXFileReference; lastKnownFileType = wrapper.framework; name = WidgetKit.framework; path = System/Library/Frameworks/WidgetKit.framework; sourceTree = SDKROOT; };
		C24ED0B12525DC5B001B3952 /* SwiftUI.framework */ = {isa = PBXFileReference; lastKnownFileType = wrapper.framework; name = SwiftUI.framework; path = System/Library/Frameworks/SwiftUI.framework; sourceTree = SDKROOT; };
		C24ED0D42525DD1D001B3952 /* PakuWidget.appex */ = {isa = PBXFileReference; explicitFileType = "wrapper.app-extension"; includeInIndex = 0; path = PakuWidget.appex; sourceTree = BUILT_PRODUCTS_DIR; };
		C24ED0D82525DD1D001B3952 /* Widgets.swift */ = {isa = PBXFileReference; lastKnownFileType = sourcecode.swift; path = Widgets.swift; sourceTree = "<group>"; };
		C24ED0DB2525DD1F001B3952 /* Assets.xcassets */ = {isa = PBXFileReference; lastKnownFileType = folder.assetcatalog; path = Assets.xcassets; sourceTree = "<group>"; };
		C24ED0DD2525DD1F001B3952 /* Info.plist */ = {isa = PBXFileReference; lastKnownFileType = text.plist.xml; path = Info.plist; sourceTree = "<group>"; };
		C24ED1022525E570001B3952 /* AQIEntryView.swift */ = {isa = PBXFileReference; lastKnownFileType = sourcecode.swift; path = AQIEntryView.swift; sourceTree = "<group>"; };
		C24ED1192525EC4D001B3952 /* Paku.entitlements */ = {isa = PBXFileReference; lastKnownFileType = text.plist.entitlements; path = Paku.entitlements; sourceTree = "<group>"; };
/* End PBXFileReference section */

/* Begin PBXFrameworksBuildPhase section */
		C24ED05C2525BEAD001B3952 /* Frameworks */ = {
			isa = PBXFrameworksBuildPhase;
			buildActionMask = 2147483647;
			files = (
				C24ED09C2525C171001B3952 /* AnyCodable in Frameworks */,
			);
			runOnlyForDeploymentPostprocessing = 0;
		};
		C24ED0722525BEAF001B3952 /* Frameworks */ = {
			isa = PBXFrameworksBuildPhase;
			buildActionMask = 2147483647;
			files = (
			);
			runOnlyForDeploymentPostprocessing = 0;
		};
		C24ED07D2525BEAF001B3952 /* Frameworks */ = {
			isa = PBXFrameworksBuildPhase;
			buildActionMask = 2147483647;
			files = (
			);
			runOnlyForDeploymentPostprocessing = 0;
		};
		C24ED0D12525DD1D001B3952 /* Frameworks */ = {
			isa = PBXFrameworksBuildPhase;
			buildActionMask = 2147483647;
			files = (
				C24ED0D62525DD1D001B3952 /* SwiftUI.framework in Frameworks */,
				C24ED0FB2525DE8E001B3952 /* AnyCodable in Frameworks */,
				C24ED0D52525DD1D001B3952 /* WidgetKit.framework in Frameworks */,
			);
			runOnlyForDeploymentPostprocessing = 0;
		};
/* End PBXFrameworksBuildPhase section */

/* Begin PBXGroup section */
		2740BEC1252D8AE200EDD771 /* Auto Layout */ = {
			isa = PBXGroup;
			children = (
				276E4B5A2526D6CC00FA4D26 /* NSLayoutAnchor+AutoLayout.swift */,
				276E4B582526D6CC00FA4D26 /* NSLayoutConstraint+AutoLayout.swift */,
				276E4B572526D6CC00FA4D26 /* NSLayoutDimension+AutoLayout.swift */,
				276E4B592526D6CC00FA4D26 /* UIView+AutoLayout.swift */,
			);
			path = "Auto Layout";
			sourceTree = "<group>";
		};
		2740BEC6252D8AF700EDD771 /* App */ = {
			isa = PBXGroup;
			children = (
				C24ED0622525BEAD001B3952 /* AppDelegate.swift */,
				C24ED0642525BEAD001B3952 /* SceneDelegate.swift */,
			);
			path = App;
			sourceTree = "<group>";
		};
		2740BECB252D8B0000EDD771 /* View Controllers */ = {
			isa = PBXGroup;
			children = (
				275712B6252D4A240050B473 /* ViewController.swift */,
				2724855D2526742C00866F1A /* RootViewController.swift */,
				276E4B332526D5BB00FA4D26 /* OnboardingViewController.swift */,
				C24ED0662525BEAD001B3952 /* HomeViewController.swift */,
			);
			path = "View Controllers";
			sourceTree = "<group>";
		};
		2740BED0252D8B1200EDD771 /* Extensions */ = {
			isa = PBXGroup;
			children = (
				2716EA8D25317D3900B8E2B0 /* Reusable.swift */,
				2716EA9D253185F000B8E2B0 /* AQICategory+Color.swift */,
				2716EAAB2531B08200B8E2B0 /* Array+Extensions.swift */,
				276F42C6253E9D5B004B86A1 /* CGFloat+Extensions.swift */,
				2716EA9325317D6C00B8E2B0 /* MKAnnotation+Reusable.swift */,
				2716EA8125317AA400B8E2B0 /* UIEdgeInsets+Extensions.swift */,
				276E4B4B2526D65D00FA4D26 /* UILabel+Extensions.swift */,
				27A8333D254BFB6D0054DD68 /* UIImage+Extensions.swift */,
				2716EA8725317BB300B8E2B0 /* MKMapView+Extensions.swift */,
				276E4B632526D6FE00FA4D26 /* NSAttributedString+Extensions.swift */,
				272485632526745F00866F1A /* UIViewController+Extensions.swift */,
				27248557252673C200866F1A /* UIViewPropertyAnimator+Extensions.swift */,
			);
			path = Extensions;
			sourceTree = "<group>";
		};
		2740BEDF252D8B3A00EDD771 /* Controls */ = {
			isa = PBXGroup;
			children = (
				276E4B512526D67800FA4D26 /* Control.swift */,
				276E4B412526D5EA00FA4D26 /* Button.swift */,
				27248551252673B000866F1A /* PanDirectionGestureRecognizer.swift */,
			);
			path = Controls;
			sourceTree = "<group>";
		};
		2740BEF0252D8BA600EDD771 /* Shared */ = {
			isa = PBXGroup;
			children = (
				27C4D912254B86A8001E61A6 /* Logger.swift */,
				C24ED0952525BEB9001B3952 /* AQILoader.swift */,
				275712AB252D47E00050B473 /* LocationManager.swift */,
				2740BF0A252D8BF600EDD771 /* Models */,
				2740BEF5252D8BB900EDD771 /* Extensions */,
			);
			path = Shared;
			sourceTree = "<group>";
		};
		2740BEF5252D8BB900EDD771 /* Extensions */ = {
			isa = PBXGroup;
			children = (
				2740BEE4252D8B6900EDD771 /* UserDefaults+Extensions.swift */,
				277F1C68252D9240002AB540 /* MKDistanceFormatter+Extensions.swift */,
				276E4B792526DBB500FA4D26 /* UIColor+Extensions.swift */,
				2740BEEA252D8B8500EDD771 /* URLSession+Extensions.swift */,
				275BBAEF253FACC0007923BA /* AnyCodable+Extensions.swift */,
			);
			path = Extensions;
			sourceTree = "<group>";
		};
		2740BF0A252D8BF600EDD771 /* Models */ = {
			isa = PBXGroup;
			children = (
				2740BF13252D8C7C00EDD771 /* SensorInfo.swift */,
				275BBAE8253FA57E007923BA /* Sensor.swift */,
				271CC62B253FB76C001EDCE1 /* AQIConversion.swift */,
				2740BF23252D8CB900EDD771 /* AQICategory.swift */,
				27C4D91D254B8DFE001E61A6 /* Settings.swift */,
			);
			path = Models;
			sourceTree = "<group>";
		};
		276E6C4E252D853700A13D6D /* Views */ = {
			isa = PBXGroup;
			children = (
				C24ED1022525E570001B3952 /* AQIEntryView.swift */,
				276E6C20252D5AA300A13D6D /* AQIBarWidgetView.swift */,
				276E6C1A252D548C00A13D6D /* AQIIndicatorBar.swift */,
				276E6C38252D5F7300A13D6D /* SkyView.swift */,
				276E6C44252D84E700A13D6D /* AQIWidgetWrapper.swift */,
			);
			path = Views;
			sourceTree = "<group>";
		};
		27B6B114254D071C0062CF92 /* Settings */ = {
			isa = PBXGroup;
			children = (
				27B6B10E254D07160062CF92 /* SettingsViewController.swift */,
				27B6B157254D09140062CF92 /* AppIconPickerViewController.swift */,
				27B6B115254D07330062CF92 /* AppIconOption.swift */,
			);
			path = Settings;
			sourceTree = "<group>";
		};
		27B6B11F254D07E80062CF92 /* Resources */ = {
			isa = PBXGroup;
			children = (
				27B6B126254D07F30062CF92 /* AppIcons */,
				C24ED06B2525BEAF001B3952 /* Assets.xcassets */,
				C24ED06D2525BEAF001B3952 /* LaunchScreen.storyboard */,
			);
			path = Resources;
			sourceTree = "<group>";
		};
		27B6B126254D07F30062CF92 /* AppIcons */ = {
			isa = PBXGroup;
			children = (
				27B6B16A254D13040062CF92 /* AppIcon-BlackWhite@2x.png */,
				27B6B169254D13040062CF92 /* AppIcon-BlackWhite@3x.png */,
				27B6B16C254D13040062CF92 /* AppIcon-Default@2x.png */,
				27B6B170254D13050062CF92 /* AppIcon-Default@3x.png */,
				27B6B16B254D13040062CF92 /* AppIcon-Pacman@2x.png */,
				27B6B16F254D13050062CF92 /* AppIcon-Pacman@3x.png */,
				27B6B16E254D13040062CF92 /* AppIcon-PurpleRain@2x.png */,
				27B6B16D254D13040062CF92 /* AppIcon-PurpleRain@3x.png */,
			);
			path = AppIcons;
			sourceTree = "<group>";
		};
		27F0DED22531788E005BDE1D /* Map */ = {
			isa = PBXGroup;
			children = (
				27E16B83253010F6006D28B1 /* MapViewController.swift */,
				272C982E254673DF00E6D5B5 /* MapDetailContainer.swift */,
				2781B0CC2545429F0058AA33 /* SensorDetailView.swift */,
				272C98342547C53800E6D5B5 /* SensorListView.swift */,
				27F271F42545F2FB005C32B3 /* SensorLoader.swift */,
				2716EAB12531B33D00B8E2B0 /* MapButtonContainer.swift */,
				2716EA7B2531798500B8E2B0 /* SensorAnnotationView.swift */,
				27F0DED4253178A0005BDE1D /* SensorAnnotation.swift */,
			);
			path = Map;
			sourceTree = "<group>";
		};
		C24ED0562525BEAD001B3952 = {
			isa = PBXGroup;
			children = (
				2740BEF0252D8BA600EDD771 /* Shared */,
				C24ED0612525BEAD001B3952 /* Paku */,
				C24ED0D72525DD1D001B3952 /* PakuWidget */,
				C24ED0782525BEAF001B3952 /* PakuTests */,
				C24ED0832525BEAF001B3952 /* PakuUITests */,
				C24ED0AE2525DC5B001B3952 /* Frameworks */,
				C24ED0602525BEAD001B3952 /* Products */,
			);
			sourceTree = "<group>";
		};
		C24ED0602525BEAD001B3952 /* Products */ = {
			isa = PBXGroup;
			children = (
				C24ED05F2525BEAD001B3952 /* Paku.app */,
				C24ED0752525BEAF001B3952 /* PakuTests.xctest */,
				C24ED0802525BEAF001B3952 /* PakuUITests.xctest */,
				C24ED0D42525DD1D001B3952 /* PakuWidget.appex */,
			);
			name = Products;
			sourceTree = "<group>";
		};
		C24ED0612525BEAD001B3952 /* Paku */ = {
			isa = PBXGroup;
			children = (
				27B6B114254D071C0062CF92 /* Settings */,
				27F0DED22531788E005BDE1D /* Map */,
				2740BEC6252D8AF700EDD771 /* App */,
				2740BECB252D8B0000EDD771 /* View Controllers */,
				2740BED0252D8B1200EDD771 /* Extensions */,
				2740BEDF252D8B3A00EDD771 /* Controls */,
				2740BEC1252D8AE200EDD771 /* Auto Layout */,
				27B6B11F254D07E80062CF92 /* Resources */,
				C24ED0702525BEAF001B3952 /* Info.plist */,
				C24ED1192525EC4D001B3952 /* Paku.entitlements */,
			);
			path = Paku;
			sourceTree = "<group>";
		};
		C24ED0782525BEAF001B3952 /* PakuTests */ = {
			isa = PBXGroup;
			children = (
				C24ED0792525BEAF001B3952 /* PakuTests.swift */,
				C24ED07B2525BEAF001B3952 /* Info.plist */,
			);
			path = PakuTests;
			sourceTree = "<group>";
		};
		C24ED0832525BEAF001B3952 /* PakuUITests */ = {
			isa = PBXGroup;
			children = (
				C24ED0842525BEAF001B3952 /* PakuUITests.swift */,
				C24ED0862525BEAF001B3952 /* Info.plist */,
			);
			path = PakuUITests;
			sourceTree = "<group>";
		};
		C24ED0AE2525DC5B001B3952 /* Frameworks */ = {
			isa = PBXGroup;
			children = (
				C24ED0AF2525DC5B001B3952 /* WidgetKit.framework */,
				C24ED0B12525DC5B001B3952 /* SwiftUI.framework */,
			);
			name = Frameworks;
			sourceTree = "<group>";
		};
		C24ED0D72525DD1D001B3952 /* PakuWidget */ = {
			isa = PBXGroup;
			children = (
				2724852A2525ED0F00866F1A /* PakuWidget.entitlements */,
				C24ED0D82525DD1D001B3952 /* Widgets.swift */,
				2738C382254566AA007BC1A4 /* Sensor+Placeholder.swift */,
				276E6C3E252D83B200A13D6D /* AQIProvider.swift */,
				276E6C4E252D853700A13D6D /* Views */,
				C24ED0DB2525DD1F001B3952 /* Assets.xcassets */,
				C24ED0DD2525DD1F001B3952 /* Info.plist */,
			);
			path = PakuWidget;
			sourceTree = "<group>";
		};
/* End PBXGroup section */

/* Begin PBXNativeTarget section */
		C24ED05E2525BEAD001B3952 /* Paku */ = {
			isa = PBXNativeTarget;
			buildConfigurationList = C24ED0892525BEAF001B3952 /* Build configuration list for PBXNativeTarget "Paku" */;
			buildPhases = (
				C24ED05B2525BEAD001B3952 /* Sources */,
				C24ED05C2525BEAD001B3952 /* Frameworks */,
				C24ED05D2525BEAD001B3952 /* Resources */,
				C24ED0C22525DC5D001B3952 /* Embed App Extensions */,
			);
			buildRules = (
			);
			dependencies = (
				C24ED0E12525DD1F001B3952 /* PBXTargetDependency */,
			);
			name = Paku;
			packageProductDependencies = (
				C24ED09B2525C171001B3952 /* AnyCodable */,
			);
			productName = Paku;
			productReference = C24ED05F2525BEAD001B3952 /* Paku.app */;
			productType = "com.apple.product-type.application";
		};
		C24ED0742525BEAF001B3952 /* PakuTests */ = {
			isa = PBXNativeTarget;
			buildConfigurationList = C24ED08C2525BEAF001B3952 /* Build configuration list for PBXNativeTarget "PakuTests" */;
			buildPhases = (
				C24ED0712525BEAF001B3952 /* Sources */,
				C24ED0722525BEAF001B3952 /* Frameworks */,
				C24ED0732525BEAF001B3952 /* Resources */,
			);
			buildRules = (
			);
			dependencies = (
				C24ED0772525BEAF001B3952 /* PBXTargetDependency */,
			);
			name = PakuTests;
			productName = PakuTests;
			productReference = C24ED0752525BEAF001B3952 /* PakuTests.xctest */;
			productType = "com.apple.product-type.bundle.unit-test";
		};
		C24ED07F2525BEAF001B3952 /* PakuUITests */ = {
			isa = PBXNativeTarget;
			buildConfigurationList = C24ED08F2525BEAF001B3952 /* Build configuration list for PBXNativeTarget "PakuUITests" */;
			buildPhases = (
				C24ED07C2525BEAF001B3952 /* Sources */,
				C24ED07D2525BEAF001B3952 /* Frameworks */,
				C24ED07E2525BEAF001B3952 /* Resources */,
			);
			buildRules = (
			);
			dependencies = (
				C24ED0822525BEAF001B3952 /* PBXTargetDependency */,
			);
			name = PakuUITests;
			productName = PakuUITests;
			productReference = C24ED0802525BEAF001B3952 /* PakuUITests.xctest */;
			productType = "com.apple.product-type.bundle.ui-testing";
		};
		C24ED0D32525DD1D001B3952 /* PakuWidget */ = {
			isa = PBXNativeTarget;
			buildConfigurationList = C24ED0E32525DD1F001B3952 /* Build configuration list for PBXNativeTarget "PakuWidget" */;
			buildPhases = (
				C24ED0D02525DD1D001B3952 /* Sources */,
				C24ED0D12525DD1D001B3952 /* Frameworks */,
				C24ED0D22525DD1D001B3952 /* Resources */,
			);
			buildRules = (
			);
			dependencies = (
			);
			name = PakuWidget;
			packageProductDependencies = (
				C24ED0FA2525DE8E001B3952 /* AnyCodable */,
			);
			productName = "aqi-widgetExtension";
			productReference = C24ED0D42525DD1D001B3952 /* PakuWidget.appex */;
			productType = "com.apple.product-type.app-extension";
		};
/* End PBXNativeTarget section */

/* Begin PBXProject section */
		C24ED0572525BEAD001B3952 /* Project object */ = {
			isa = PBXProject;
			attributes = {
				LastSwiftUpdateCheck = 1200;
				LastUpgradeCheck = 1200;
				TargetAttributes = {
					C24ED05E2525BEAD001B3952 = {
						CreatedOnToolsVersion = 12.0;
					};
					C24ED0742525BEAF001B3952 = {
						CreatedOnToolsVersion = 12.0;
						TestTargetID = C24ED05E2525BEAD001B3952;
					};
					C24ED07F2525BEAF001B3952 = {
						CreatedOnToolsVersion = 12.0;
						TestTargetID = C24ED05E2525BEAD001B3952;
					};
					C24ED0D32525DD1D001B3952 = {
						CreatedOnToolsVersion = 12.0;
					};
				};
			};
			buildConfigurationList = C24ED05A2525BEAD001B3952 /* Build configuration list for PBXProject "Paku" */;
			compatibilityVersion = "Xcode 9.3";
			developmentRegion = en;
			hasScannedForEncodings = 0;
			knownRegions = (
				en,
				Base,
			);
			mainGroup = C24ED0562525BEAD001B3952;
			packageReferences = (
				C24ED09A2525C171001B3952 /* XCRemoteSwiftPackageReference "AnyCodable" */,
			);
			productRefGroup = C24ED0602525BEAD001B3952 /* Products */;
			projectDirPath = "";
			projectRoot = "";
			targets = (
				C24ED05E2525BEAD001B3952 /* Paku */,
				C24ED0742525BEAF001B3952 /* PakuTests */,
				C24ED07F2525BEAF001B3952 /* PakuUITests */,
				C24ED0D32525DD1D001B3952 /* PakuWidget */,
			);
		};
/* End PBXProject section */

/* Begin PBXResourcesBuildPhase section */
		C24ED05D2525BEAD001B3952 /* Resources */ = {
			isa = PBXResourcesBuildPhase;
			buildActionMask = 2147483647;
			files = (
				27B6B178254D13050062CF92 /* AppIcon-Default@3x.png in Resources */,
				27B6B173254D13050062CF92 /* AppIcon-Pacman@2x.png in Resources */,
				C24ED06F2525BEAF001B3952 /* LaunchScreen.storyboard in Resources */,
				C24ED06C2525BEAF001B3952 /* Assets.xcassets in Resources */,
				27B6B174254D13050062CF92 /* AppIcon-Default@2x.png in Resources */,
				27B6B177254D13050062CF92 /* AppIcon-Pacman@3x.png in Resources */,
				27B6B171254D13050062CF92 /* AppIcon-BlackWhite@3x.png in Resources */,
				27B6B172254D13050062CF92 /* AppIcon-BlackWhite@2x.png in Resources */,
				27B6B175254D13050062CF92 /* AppIcon-PurpleRain@3x.png in Resources */,
				27B6B176254D13050062CF92 /* AppIcon-PurpleRain@2x.png in Resources */,
			);
			runOnlyForDeploymentPostprocessing = 0;
		};
		C24ED0732525BEAF001B3952 /* Resources */ = {
			isa = PBXResourcesBuildPhase;
			buildActionMask = 2147483647;
			files = (
			);
			runOnlyForDeploymentPostprocessing = 0;
		};
		C24ED07E2525BEAF001B3952 /* Resources */ = {
			isa = PBXResourcesBuildPhase;
			buildActionMask = 2147483647;
			files = (
			);
			runOnlyForDeploymentPostprocessing = 0;
		};
		C24ED0D22525DD1D001B3952 /* Resources */ = {
			isa = PBXResourcesBuildPhase;
			buildActionMask = 2147483647;
			files = (
				C24ED0DC2525DD1F001B3952 /* Assets.xcassets in Resources */,
			);
			runOnlyForDeploymentPostprocessing = 0;
		};
/* End PBXResourcesBuildPhase section */

/* Begin PBXSourcesBuildPhase section */
		C24ED05B2525BEAD001B3952 /* Sources */ = {
			isa = PBXSourcesBuildPhase;
			buildActionMask = 2147483647;
			files = (
				276E4B642526D6FE00FA4D26 /* NSAttributedString+Extensions.swift in Sources */,
				27B6B116254D07330062CF92 /* AppIconOption.swift in Sources */,
				2781B0CD2545429F0058AA33 /* SensorDetailView.swift in Sources */,
				2740BF14252D8C7C00EDD771 /* SensorInfo.swift in Sources */,
				276F42C7253E9D5B004B86A1 /* CGFloat+Extensions.swift in Sources */,
				276E4B5B2526D6CD00FA4D26 /* NSLayoutDimension+AutoLayout.swift in Sources */,
				27B6B158254D09140062CF92 /* AppIconPickerViewController.swift in Sources */,
				276E4B4C2526D65D00FA4D26 /* UILabel+Extensions.swift in Sources */,
				2716EAB22531B33D00B8E2B0 /* MapButtonContainer.swift in Sources */,
				276E4B522526D67800FA4D26 /* Control.swift in Sources */,
				271CC62C253FB76C001EDCE1 /* AQIConversion.swift in Sources */,
				276E4B5E2526D6CD00FA4D26 /* NSLayoutAnchor+AutoLayout.swift in Sources */,
				276E4B342526D5BB00FA4D26 /* OnboardingViewController.swift in Sources */,
				27248552252673B100866F1A /* PanDirectionGestureRecognizer.swift in Sources */,
				C24ED0962525BEB9001B3952 /* AQILoader.swift in Sources */,
				2740BEE5252D8B6900EDD771 /* UserDefaults+Extensions.swift in Sources */,
				276E4B5C2526D6CD00FA4D26 /* NSLayoutConstraint+AutoLayout.swift in Sources */,
				272485642526745F00866F1A /* UIViewController+Extensions.swift in Sources */,
				276E4B7A2526DBB500FA4D26 /* UIColor+Extensions.swift in Sources */,
				27E16B84253010F6006D28B1 /* MapViewController.swift in Sources */,
				2716EA9425317D6C00B8E2B0 /* MKAnnotation+Reusable.swift in Sources */,
				2724855E2526742C00866F1A /* RootViewController.swift in Sources */,
				277F1C69252D9240002AB540 /* MKDistanceFormatter+Extensions.swift in Sources */,
				2740BEEB252D8B8500EDD771 /* URLSession+Extensions.swift in Sources */,
				275712AC252D47E00050B473 /* LocationManager.swift in Sources */,
				27C4D913254B86A8001E61A6 /* Logger.swift in Sources */,
				27C4D91E254B8DFE001E61A6 /* Settings.swift in Sources */,
				C24ED0672525BEAD001B3952 /* HomeViewController.swift in Sources */,
				27B6B10F254D07160062CF92 /* SettingsViewController.swift in Sources */,
				27F0DED5253178A0005BDE1D /* SensorAnnotation.swift in Sources */,
				27F271F52545F2FB005C32B3 /* SensorLoader.swift in Sources */,
				276E4B422526D5EA00FA4D26 /* Button.swift in Sources */,
				2740BF24252D8CB900EDD771 /* AQICategory.swift in Sources */,
				2716EA9E253185F000B8E2B0 /* AQICategory+Color.swift in Sources */,
				C24ED0632525BEAD001B3952 /* AppDelegate.swift in Sources */,
				2716EA8825317BB300B8E2B0 /* MKMapView+Extensions.swift in Sources */,
				272C98352547C53800E6D5B5 /* SensorListView.swift in Sources */,
				275BBAF0253FACC0007923BA /* AnyCodable+Extensions.swift in Sources */,
				2716EA8225317AA400B8E2B0 /* UIEdgeInsets+Extensions.swift in Sources */,
				2716EA7C2531798500B8E2B0 /* SensorAnnotationView.swift in Sources */,
				276E4B5D2526D6CD00FA4D26 /* UIView+AutoLayout.swift in Sources */,
				272C982F254673E000E6D5B5 /* MapDetailContainer.swift in Sources */,
				27A8333E254BFB6D0054DD68 /* UIImage+Extensions.swift in Sources */,
				2716EA8E25317D3900B8E2B0 /* Reusable.swift in Sources */,
				275BBAE9253FA57E007923BA /* Sensor.swift in Sources */,
				2716EAAC2531B08200B8E2B0 /* Array+Extensions.swift in Sources */,
				275712B7252D4A240050B473 /* ViewController.swift in Sources */,
				27248558252673C200866F1A /* UIViewPropertyAnimator+Extensions.swift in Sources */,
				C24ED0652525BEAD001B3952 /* SceneDelegate.swift in Sources */,
			);
			runOnlyForDeploymentPostprocessing = 0;
		};
		C24ED0712525BEAF001B3952 /* Sources */ = {
			isa = PBXSourcesBuildPhase;
			buildActionMask = 2147483647;
			files = (
				C24ED07A2525BEAF001B3952 /* PakuTests.swift in Sources */,
			);
			runOnlyForDeploymentPostprocessing = 0;
		};
		C24ED07C2525BEAF001B3952 /* Sources */ = {
			isa = PBXSourcesBuildPhase;
			buildActionMask = 2147483647;
			files = (
				C24ED0852525BEAF001B3952 /* PakuUITests.swift in Sources */,
			);
			runOnlyForDeploymentPostprocessing = 0;
		};
		C24ED0D02525DD1D001B3952 /* Sources */ = {
			isa = PBXSourcesBuildPhase;
			buildActionMask = 2147483647;
			files = (
				276E6C39252D5F7300A13D6D /* SkyView.swift in Sources */,
				277F1C6A252D9240002AB540 /* MKDistanceFormatter+Extensions.swift in Sources */,
				2740BF00252D8BC500EDD771 /* URLSession+Extensions.swift in Sources */,
				2740BEFB252D8BC300EDD771 /* UIColor+Extensions.swift in Sources */,
				27C4D914254B86A8001E61A6 /* Logger.swift in Sources */,
				2740BEF6252D8BBF00EDD771 /* UserDefaults+Extensions.swift in Sources */,
				275712B1252D49100050B473 /* LocationManager.swift in Sources */,
				276E6C3F252D83B200A13D6D /* AQIProvider.swift in Sources */,
				271CC62D253FB76C001EDCE1 /* AQIConversion.swift in Sources */,
				276E6C33252D5AC500A13D6D /* AQIIndicatorBar.swift in Sources */,
				2740BF29252D8D0500EDD771 /* AQICategory.swift in Sources */,
				275BBAF1253FACC0007923BA /* AnyCodable+Extensions.swift in Sources */,
				C24ED1082525E57A001B3952 /* AQIEntryView.swift in Sources */,
				2740BF05252D8BC800EDD771 /* AQILoader.swift in Sources */,
				275BBAEA253FA57E007923BA /* Sensor.swift in Sources */,
				C24ED0D92525DD1D001B3952 /* Widgets.swift in Sources */,
				276E6C2A252D5AC000A13D6D /* AQIBarWidgetView.swift in Sources */,
				276E6C45252D84E700A13D6D /* AQIWidgetWrapper.swift in Sources */,
				2740BF2A252D8D0500EDD771 /* SensorInfo.swift in Sources */,
				27C4D91F254B8DFE001E61A6 /* Settings.swift in Sources */,
				2738C383254566AA007BC1A4 /* Sensor+Placeholder.swift in Sources */,
			);
			runOnlyForDeploymentPostprocessing = 0;
		};
/* End PBXSourcesBuildPhase section */

/* Begin PBXTargetDependency section */
		C24ED0772525BEAF001B3952 /* PBXTargetDependency */ = {
			isa = PBXTargetDependency;
			target = C24ED05E2525BEAD001B3952 /* Paku */;
			targetProxy = C24ED0762525BEAF001B3952 /* PBXContainerItemProxy */;
		};
		C24ED0822525BEAF001B3952 /* PBXTargetDependency */ = {
			isa = PBXTargetDependency;
			target = C24ED05E2525BEAD001B3952 /* Paku */;
			targetProxy = C24ED0812525BEAF001B3952 /* PBXContainerItemProxy */;
		};
		C24ED0E12525DD1F001B3952 /* PBXTargetDependency */ = {
			isa = PBXTargetDependency;
			target = C24ED0D32525DD1D001B3952 /* PakuWidget */;
			targetProxy = C24ED0E02525DD1F001B3952 /* PBXContainerItemProxy */;
		};
/* End PBXTargetDependency section */

/* Begin PBXVariantGroup section */
		C24ED06D2525BEAF001B3952 /* LaunchScreen.storyboard */ = {
			isa = PBXVariantGroup;
			children = (
				C24ED06E2525BEAF001B3952 /* Base */,
			);
			name = LaunchScreen.storyboard;
			sourceTree = "<group>";
		};
/* End PBXVariantGroup section */

/* Begin XCBuildConfiguration section */
		C24ED0872525BEAF001B3952 /* Debug */ = {
			isa = XCBuildConfiguration;
			buildSettings = {
				ALWAYS_SEARCH_USER_PATHS = NO;
				CLANG_ANALYZER_NONNULL = YES;
				CLANG_ANALYZER_NUMBER_OBJECT_CONVERSION = YES_AGGRESSIVE;
				CLANG_CXX_LANGUAGE_STANDARD = "gnu++14";
				CLANG_CXX_LIBRARY = "libc++";
				CLANG_ENABLE_MODULES = YES;
				CLANG_ENABLE_OBJC_ARC = YES;
				CLANG_ENABLE_OBJC_WEAK = YES;
				CLANG_WARN_BLOCK_CAPTURE_AUTORELEASING = YES;
				CLANG_WARN_BOOL_CONVERSION = YES;
				CLANG_WARN_COMMA = YES;
				CLANG_WARN_CONSTANT_CONVERSION = YES;
				CLANG_WARN_DEPRECATED_OBJC_IMPLEMENTATIONS = YES;
				CLANG_WARN_DIRECT_OBJC_ISA_USAGE = YES_ERROR;
				CLANG_WARN_DOCUMENTATION_COMMENTS = YES;
				CLANG_WARN_EMPTY_BODY = YES;
				CLANG_WARN_ENUM_CONVERSION = YES;
				CLANG_WARN_INFINITE_RECURSION = YES;
				CLANG_WARN_INT_CONVERSION = YES;
				CLANG_WARN_NON_LITERAL_NULL_CONVERSION = YES;
				CLANG_WARN_OBJC_IMPLICIT_RETAIN_SELF = YES;
				CLANG_WARN_OBJC_LITERAL_CONVERSION = YES;
				CLANG_WARN_OBJC_ROOT_CLASS = YES_ERROR;
				CLANG_WARN_QUOTED_INCLUDE_IN_FRAMEWORK_HEADER = YES;
				CLANG_WARN_RANGE_LOOP_ANALYSIS = YES;
				CLANG_WARN_STRICT_PROTOTYPES = YES;
				CLANG_WARN_SUSPICIOUS_MOVE = YES;
				CLANG_WARN_UNGUARDED_AVAILABILITY = YES_AGGRESSIVE;
				CLANG_WARN_UNREACHABLE_CODE = YES;
				CLANG_WARN__DUPLICATE_METHOD_MATCH = YES;
				COPY_PHASE_STRIP = NO;
				DEBUG_INFORMATION_FORMAT = dwarf;
				ENABLE_STRICT_OBJC_MSGSEND = YES;
				ENABLE_TESTABILITY = YES;
				GCC_C_LANGUAGE_STANDARD = gnu11;
				GCC_DYNAMIC_NO_PIC = NO;
				GCC_NO_COMMON_BLOCKS = YES;
				GCC_OPTIMIZATION_LEVEL = 0;
				GCC_PREPROCESSOR_DEFINITIONS = (
					"DEBUG=1",
					"$(inherited)",
				);
				GCC_WARN_64_TO_32_BIT_CONVERSION = YES;
				GCC_WARN_ABOUT_RETURN_TYPE = YES_ERROR;
				GCC_WARN_UNDECLARED_SELECTOR = YES;
				GCC_WARN_UNINITIALIZED_AUTOS = YES_AGGRESSIVE;
				GCC_WARN_UNUSED_FUNCTION = YES;
				GCC_WARN_UNUSED_VARIABLE = YES;
				IPHONEOS_DEPLOYMENT_TARGET = 14.0;
				MTL_ENABLE_DEBUG_INFO = INCLUDE_SOURCE;
				MTL_FAST_MATH = YES;
				ONLY_ACTIVE_ARCH = YES;
				SDKROOT = iphoneos;
				SWIFT_ACTIVE_COMPILATION_CONDITIONS = DEBUG;
				SWIFT_OPTIMIZATION_LEVEL = "-Onone";
			};
			name = Debug;
		};
		C24ED0882525BEAF001B3952 /* Release */ = {
			isa = XCBuildConfiguration;
			buildSettings = {
				ALWAYS_SEARCH_USER_PATHS = NO;
				CLANG_ANALYZER_NONNULL = YES;
				CLANG_ANALYZER_NUMBER_OBJECT_CONVERSION = YES_AGGRESSIVE;
				CLANG_CXX_LANGUAGE_STANDARD = "gnu++14";
				CLANG_CXX_LIBRARY = "libc++";
				CLANG_ENABLE_MODULES = YES;
				CLANG_ENABLE_OBJC_ARC = YES;
				CLANG_ENABLE_OBJC_WEAK = YES;
				CLANG_WARN_BLOCK_CAPTURE_AUTORELEASING = YES;
				CLANG_WARN_BOOL_CONVERSION = YES;
				CLANG_WARN_COMMA = YES;
				CLANG_WARN_CONSTANT_CONVERSION = YES;
				CLANG_WARN_DEPRECATED_OBJC_IMPLEMENTATIONS = YES;
				CLANG_WARN_DIRECT_OBJC_ISA_USAGE = YES_ERROR;
				CLANG_WARN_DOCUMENTATION_COMMENTS = YES;
				CLANG_WARN_EMPTY_BODY = YES;
				CLANG_WARN_ENUM_CONVERSION = YES;
				CLANG_WARN_INFINITE_RECURSION = YES;
				CLANG_WARN_INT_CONVERSION = YES;
				CLANG_WARN_NON_LITERAL_NULL_CONVERSION = YES;
				CLANG_WARN_OBJC_IMPLICIT_RETAIN_SELF = YES;
				CLANG_WARN_OBJC_LITERAL_CONVERSION = YES;
				CLANG_WARN_OBJC_ROOT_CLASS = YES_ERROR;
				CLANG_WARN_QUOTED_INCLUDE_IN_FRAMEWORK_HEADER = YES;
				CLANG_WARN_RANGE_LOOP_ANALYSIS = YES;
				CLANG_WARN_STRICT_PROTOTYPES = YES;
				CLANG_WARN_SUSPICIOUS_MOVE = YES;
				CLANG_WARN_UNGUARDED_AVAILABILITY = YES_AGGRESSIVE;
				CLANG_WARN_UNREACHABLE_CODE = YES;
				CLANG_WARN__DUPLICATE_METHOD_MATCH = YES;
				COPY_PHASE_STRIP = NO;
				DEBUG_INFORMATION_FORMAT = "dwarf-with-dsym";
				ENABLE_NS_ASSERTIONS = NO;
				ENABLE_STRICT_OBJC_MSGSEND = YES;
				GCC_C_LANGUAGE_STANDARD = gnu11;
				GCC_NO_COMMON_BLOCKS = YES;
				GCC_WARN_64_TO_32_BIT_CONVERSION = YES;
				GCC_WARN_ABOUT_RETURN_TYPE = YES_ERROR;
				GCC_WARN_UNDECLARED_SELECTOR = YES;
				GCC_WARN_UNINITIALIZED_AUTOS = YES_AGGRESSIVE;
				GCC_WARN_UNUSED_FUNCTION = YES;
				GCC_WARN_UNUSED_VARIABLE = YES;
				IPHONEOS_DEPLOYMENT_TARGET = 14.0;
				MTL_ENABLE_DEBUG_INFO = NO;
				MTL_FAST_MATH = YES;
				SDKROOT = iphoneos;
				SWIFT_COMPILATION_MODE = wholemodule;
				SWIFT_OPTIMIZATION_LEVEL = "-O";
				VALIDATE_PRODUCT = YES;
			};
			name = Release;
		};
		C24ED08A2525BEAF001B3952 /* Debug */ = {
			isa = XCBuildConfiguration;
			buildSettings = {
				ALWAYS_EMBED_SWIFT_STANDARD_LIBRARIES = YES;
				ASSETCATALOG_COMPILER_APPICON_NAME = AppIcon;
				ASSETCATALOG_COMPILER_GLOBAL_ACCENT_COLOR_NAME = AccentColor;
				CODE_SIGN_ENTITLEMENTS = Paku/Paku.entitlements;
				CODE_SIGN_STYLE = Automatic;
				CURRENT_PROJECT_VERSION = 36;
				DEVELOPMENT_TEAM = ZEAD23GG77;
				INFOPLIST_FILE = "$(SRCROOT)/Paku/Info.plist";
				LD_RUNPATH_SEARCH_PATHS = (
					"$(inherited)",
					"@executable_path/Frameworks",
				);
				MARKETING_VERSION = 1.1.0;
				PRODUCT_BUNDLE_IDENTIFIER = "com.kylebashour.aqi-wtf";
				PRODUCT_NAME = "$(TARGET_NAME)";
				SWIFT_VERSION = 5.0;
				TARGETED_DEVICE_FAMILY = 1;
			};
			name = Debug;
		};
		C24ED08B2525BEAF001B3952 /* Release */ = {
			isa = XCBuildConfiguration;
			buildSettings = {
				ALWAYS_EMBED_SWIFT_STANDARD_LIBRARIES = YES;
				ASSETCATALOG_COMPILER_APPICON_NAME = AppIcon;
				ASSETCATALOG_COMPILER_GLOBAL_ACCENT_COLOR_NAME = AccentColor;
				CODE_SIGN_ENTITLEMENTS = Paku/Paku.entitlements;
				CODE_SIGN_STYLE = Automatic;
				CURRENT_PROJECT_VERSION = 36;
				DEVELOPMENT_TEAM = ZEAD23GG77;
				INFOPLIST_FILE = "$(SRCROOT)/Paku/Info.plist";
				LD_RUNPATH_SEARCH_PATHS = (
					"$(inherited)",
					"@executable_path/Frameworks",
				);
				MARKETING_VERSION = 1.1.0;
				PRODUCT_BUNDLE_IDENTIFIER = "com.kylebashour.aqi-wtf";
				PRODUCT_NAME = "$(TARGET_NAME)";
				SWIFT_VERSION = 5.0;
				TARGETED_DEVICE_FAMILY = 1;
			};
			name = Release;
		};
		C24ED08D2525BEAF001B3952 /* Debug */ = {
			isa = XCBuildConfiguration;
			buildSettings = {
				ALWAYS_EMBED_SWIFT_STANDARD_LIBRARIES = YES;
				BUNDLE_LOADER = "$(TEST_HOST)";
				CODE_SIGN_STYLE = Automatic;
				DEVELOPMENT_TEAM = ZEAD23GG77;
				INFOPLIST_FILE = PakuTests/Info.plist;
				IPHONEOS_DEPLOYMENT_TARGET = 14.0;
				LD_RUNPATH_SEARCH_PATHS = (
					"$(inherited)",
					"@executable_path/Frameworks",
					"@loader_path/Frameworks",
				);
				PRODUCT_BUNDLE_IDENTIFIER = com.kylebashour.PakuTests;
				PRODUCT_NAME = "$(TARGET_NAME)";
				SWIFT_VERSION = 5.0;
				TARGETED_DEVICE_FAMILY = "1,2";
				TEST_HOST = "$(BUILT_PRODUCTS_DIR)/Paku.app/Paku";
			};
			name = Debug;
		};
		C24ED08E2525BEAF001B3952 /* Release */ = {
			isa = XCBuildConfiguration;
			buildSettings = {
				ALWAYS_EMBED_SWIFT_STANDARD_LIBRARIES = YES;
				BUNDLE_LOADER = "$(TEST_HOST)";
				CODE_SIGN_STYLE = Automatic;
				DEVELOPMENT_TEAM = ZEAD23GG77;
				INFOPLIST_FILE = PakuTests/Info.plist;
				IPHONEOS_DEPLOYMENT_TARGET = 14.0;
				LD_RUNPATH_SEARCH_PATHS = (
					"$(inherited)",
					"@executable_path/Frameworks",
					"@loader_path/Frameworks",
				);
				PRODUCT_BUNDLE_IDENTIFIER = com.kylebashour.PakuTests;
				PRODUCT_NAME = "$(TARGET_NAME)";
				SWIFT_VERSION = 5.0;
				TARGETED_DEVICE_FAMILY = "1,2";
				TEST_HOST = "$(BUILT_PRODUCTS_DIR)/Paku.app/Paku";
			};
			name = Release;
		};
		C24ED0902525BEAF001B3952 /* Debug */ = {
			isa = XCBuildConfiguration;
			buildSettings = {
				ALWAYS_EMBED_SWIFT_STANDARD_LIBRARIES = YES;
				CODE_SIGN_STYLE = Automatic;
				DEVELOPMENT_TEAM = ZEAD23GG77;
				INFOPLIST_FILE = PakuUITests/Info.plist;
				LD_RUNPATH_SEARCH_PATHS = (
					"$(inherited)",
					"@executable_path/Frameworks",
					"@loader_path/Frameworks",
				);
				PRODUCT_BUNDLE_IDENTIFIER = com.kylebashour.PakuUITests;
				PRODUCT_NAME = "$(TARGET_NAME)";
				SWIFT_VERSION = 5.0;
				TARGETED_DEVICE_FAMILY = "1,2";
				TEST_TARGET_NAME = Paku;
			};
			name = Debug;
		};
		C24ED0912525BEAF001B3952 /* Release */ = {
			isa = XCBuildConfiguration;
			buildSettings = {
				ALWAYS_EMBED_SWIFT_STANDARD_LIBRARIES = YES;
				CODE_SIGN_STYLE = Automatic;
				DEVELOPMENT_TEAM = ZEAD23GG77;
				INFOPLIST_FILE = PakuUITests/Info.plist;
				LD_RUNPATH_SEARCH_PATHS = (
					"$(inherited)",
					"@executable_path/Frameworks",
					"@loader_path/Frameworks",
				);
				PRODUCT_BUNDLE_IDENTIFIER = com.kylebashour.PakuUITests;
				PRODUCT_NAME = "$(TARGET_NAME)";
				SWIFT_VERSION = 5.0;
				TARGETED_DEVICE_FAMILY = "1,2";
				TEST_TARGET_NAME = Paku;
			};
			name = Release;
		};
		C24ED0E42525DD1F001B3952 /* Debug */ = {
			isa = XCBuildConfiguration;
			buildSettings = {
				ASSETCATALOG_COMPILER_GLOBAL_ACCENT_COLOR_NAME = AccentColor;
				ASSETCATALOG_COMPILER_WIDGET_BACKGROUND_COLOR_NAME = WidgetBackground;
				CODE_SIGN_ENTITLEMENTS = PakuWidget/PakuWidget.entitlements;
				CODE_SIGN_STYLE = Automatic;
				CURRENT_PROJECT_VERSION = 36;
				DEVELOPMENT_TEAM = ZEAD23GG77;
				INFOPLIST_FILE = "$(SRCROOT)/PakuWidget/Info.plist";
				LD_RUNPATH_SEARCH_PATHS = (
					"$(inherited)",
					"@executable_path/Frameworks",
					"@executable_path/../../Frameworks",
				);
				MARKETING_VERSION = 1.1.0;
				PRODUCT_BUNDLE_IDENTIFIER = "com.kylebashour.aqi-wtf.aqi-widget";
				PRODUCT_NAME = "$(TARGET_NAME)";
				SKIP_INSTALL = YES;
				SWIFT_VERSION = 5.0;
				TARGETED_DEVICE_FAMILY = "1,2";
			};
			name = Debug;
		};
		C24ED0E52525DD1F001B3952 /* Release */ = {
			isa = XCBuildConfiguration;
			buildSettings = {
				ASSETCATALOG_COMPILER_GLOBAL_ACCENT_COLOR_NAME = AccentColor;
				ASSETCATALOG_COMPILER_WIDGET_BACKGROUND_COLOR_NAME = WidgetBackground;
				CODE_SIGN_ENTITLEMENTS = PakuWidget/PakuWidget.entitlements;
				CODE_SIGN_STYLE = Automatic;
				CURRENT_PROJECT_VERSION = 36;
				DEVELOPMENT_TEAM = ZEAD23GG77;
				INFOPLIST_FILE = "$(SRCROOT)/PakuWidget/Info.plist";
				LD_RUNPATH_SEARCH_PATHS = (
					"$(inherited)",
					"@executable_path/Frameworks",
					"@executable_path/../../Frameworks",
				);
				MARKETING_VERSION = 1.1.0;
				PRODUCT_BUNDLE_IDENTIFIER = "com.kylebashour.aqi-wtf.aqi-widget";
				PRODUCT_NAME = "$(TARGET_NAME)";
				SKIP_INSTALL = YES;
				SWIFT_VERSION = 5.0;
				TARGETED_DEVICE_FAMILY = "1,2";
			};
			name = Release;
		};
/* End XCBuildConfiguration section */

/* Begin XCConfigurationList section */
		C24ED05A2525BEAD001B3952 /* Build configuration list for PBXProject "Paku" */ = {
			isa = XCConfigurationList;
			buildConfigurations = (
				C24ED0872525BEAF001B3952 /* Debug */,
				C24ED0882525BEAF001B3952 /* Release */,
			);
			defaultConfigurationIsVisible = 0;
			defaultConfigurationName = Release;
		};
		C24ED0892525BEAF001B3952 /* Build configuration list for PBXNativeTarget "Paku" */ = {
			isa = XCConfigurationList;
			buildConfigurations = (
				C24ED08A2525BEAF001B3952 /* Debug */,
				C24ED08B2525BEAF001B3952 /* Release */,
			);
			defaultConfigurationIsVisible = 0;
			defaultConfigurationName = Release;
		};
		C24ED08C2525BEAF001B3952 /* Build configuration list for PBXNativeTarget "PakuTests" */ = {
			isa = XCConfigurationList;
			buildConfigurations = (
				C24ED08D2525BEAF001B3952 /* Debug */,
				C24ED08E2525BEAF001B3952 /* Release */,
			);
			defaultConfigurationIsVisible = 0;
			defaultConfigurationName = Release;
		};
		C24ED08F2525BEAF001B3952 /* Build configuration list for PBXNativeTarget "PakuUITests" */ = {
			isa = XCConfigurationList;
			buildConfigurations = (
				C24ED0902525BEAF001B3952 /* Debug */,
				C24ED0912525BEAF001B3952 /* Release */,
			);
			defaultConfigurationIsVisible = 0;
			defaultConfigurationName = Release;
		};
		C24ED0E32525DD1F001B3952 /* Build configuration list for PBXNativeTarget "PakuWidget" */ = {
			isa = XCConfigurationList;
			buildConfigurations = (
				C24ED0E42525DD1F001B3952 /* Debug */,
				C24ED0E52525DD1F001B3952 /* Release */,
			);
			defaultConfigurationIsVisible = 0;
			defaultConfigurationName = Release;
		};
/* End XCConfigurationList section */

/* Begin XCRemoteSwiftPackageReference section */
		C24ED09A2525C171001B3952 /* XCRemoteSwiftPackageReference "AnyCodable" */ = {
			isa = XCRemoteSwiftPackageReference;
			repositoryURL = "https://github.com/Flight-School/AnyCodable";
			requirement = {
				kind = upToNextMajorVersion;
				minimumVersion = 0.3.0;
			};
		};
/* End XCRemoteSwiftPackageReference section */

/* Begin XCSwiftPackageProductDependency section */
		C24ED09B2525C171001B3952 /* AnyCodable */ = {
			isa = XCSwiftPackageProductDependency;
			package = C24ED09A2525C171001B3952 /* XCRemoteSwiftPackageReference "AnyCodable" */;
			productName = AnyCodable;
		};
		C24ED0FA2525DE8E001B3952 /* AnyCodable */ = {
			isa = XCSwiftPackageProductDependency;
			package = C24ED09A2525C171001B3952 /* XCRemoteSwiftPackageReference "AnyCodable" */;
			productName = AnyCodable;
		};
/* End XCSwiftPackageProductDependency section */
	};
	rootObject = C24ED0572525BEAD001B3952 /* Project object */;
}
