{
  "object": {
    "pins": [
      {
        "package": "AnyCodable",
        "repositoryURL": "https://github.com/Flight-School/AnyCodable",
        "state": {
          "branch": null,
          "revision": "79b05a5da89557a4fa50647cc92488a3d9c3f478",
          "version": "0.3.0"
        }
      },
      {
        "package": "ScreenCorners",
        "repositoryURL": "https://github.com/kylebshr/ScreenCorners",
        "state": {
          "branch": null,
          "revision": "e4a0b65fb1b61ede90f45061d964a6456a856053",
          "version": "1.0.0"
        }
      },
      {
        "package": "Solar",
        "repositoryURL": "https://github.com/kylebshr/Solar",
        "state": {
          "branch": "master",
          "revision": "4fc8990300dd30289fbbafcbe0f0524905f85f70",
          "version": null
        }
      }
    ]
  },
  "version": 1
}
